// !$*UTF8*$!
{
	archiveVersion = 1;
	classes = {
	};
	objectVersion = 46;
	objects = {

/* Begin PBXBuildFile section */
		989DE2651A1F353300AA8576 /* AppDelegate.swift in Sources */ = {isa = PBXBuildFile; fileRef = 989DE2641A1F353300AA8576 /* AppDelegate.swift */; };
		989DE2671A1F353300AA8576 /* ViewController.swift in Sources */ = {isa = PBXBuildFile; fileRef = 989DE2661A1F353300AA8576 /* ViewController.swift */; };
		989DE26A1A1F353300AA8576 /* Main.storyboard in Resources */ = {isa = PBXBuildFile; fileRef = 989DE2681A1F353300AA8576 /* Main.storyboard */; };
		989DE26C1A1F353300AA8576 /* Images.xcassets in Resources */ = {isa = PBXBuildFile; fileRef = 989DE26B1A1F353300AA8576 /* Images.xcassets */; };
		989DE26F1A1F353300AA8576 /* LaunchScreen.xib in Resources */ = {isa = PBXBuildFile; fileRef = 989DE26D1A1F353300AA8576 /* LaunchScreen.xib */; };
		989DE27B1A1F353300AA8576 /* StencilDemoTests.swift in Sources */ = {isa = PBXBuildFile; fileRef = 989DE27A1A1F353300AA8576 /* StencilDemoTests.swift */; };
		98CC91A81A20138000575E1C /* Stencil.framework in Frameworks */ = {isa = PBXBuildFile; fileRef = 98CC91A71A20138000575E1C /* Stencil.framework */; };
		98CC91AC1A20155400575E1C /* template.stencil in Resources */ = {isa = PBXBuildFile; fileRef = 98CC91AB1A20155400575E1C /* template.stencil */; };
/* End PBXBuildFile section */

/* Begin PBXContainerItemProxy section */
		989DE2751A1F353300AA8576 /* PBXContainerItemProxy */ = {
			isa = PBXContainerItemProxy;
			containerPortal = 989DE2571A1F353300AA8576 /* Project object */;
			proxyType = 1;
			remoteGlobalIDString = 989DE25E1A1F353300AA8576;
			remoteInfo = StencilDemo;
		};
/* End PBXContainerItemProxy section */

/* Begin PBXFileReference section */
		989DE25F1A1F353300AA8576 /* StencilDemo.app */ = {isa = PBXFileReference; explicitFileType = wrapper.application; includeInIndex = 0; path = StencilDemo.app; sourceTree = BUILT_PRODUCTS_DIR; };
		989DE2631A1F353300AA8576 /* Info.plist */ = {isa = PBXFileReference; lastKnownFileType = text.plist.xml; path = Info.plist; sourceTree = "<group>"; };
		989DE2641A1F353300AA8576 /* AppDelegate.swift */ = {isa = PBXFileReference; lastKnownFileType = sourcecode.swift; path = AppDelegate.swift; sourceTree = "<group>"; };
		989DE2661A1F353300AA8576 /* ViewController.swift */ = {isa = PBXFileReference; lastKnownFileType = sourcecode.swift; path = ViewController.swift; sourceTree = "<group>"; };
		989DE2691A1F353300AA8576 /* Base */ = {isa = PBXFileReference; lastKnownFileType = file.storyboard; name = Base; path = Base.lproj/Main.storyboard; sourceTree = "<group>"; };
		989DE26B1A1F353300AA8576 /* Images.xcassets */ = {isa = PBXFileReference; lastKnownFileType = folder.assetcatalog; path = Images.xcassets; sourceTree = "<group>"; };
		989DE26E1A1F353300AA8576 /* Base */ = {isa = PBXFileReference; lastKnownFileType = file.xib; name = Base; path = Base.lproj/LaunchScreen.xib; sourceTree = "<group>"; };
		989DE2741A1F353300AA8576 /* StencilDemoTests.xctest */ = {isa = PBXFileReference; explicitFileType = wrapper.cfbundle; includeInIndex = 0; path = StencilDemoTests.xctest; sourceTree = BUILT_PRODUCTS_DIR; };
		989DE2791A1F353300AA8576 /* Info.plist */ = {isa = PBXFileReference; lastKnownFileType = text.plist.xml; path = Info.plist; sourceTree = "<group>"; };
		989DE27A1A1F353300AA8576 /* StencilDemoTests.swift */ = {isa = PBXFileReference; lastKnownFileType = sourcecode.swift; path = StencilDemoTests.swift; sourceTree = "<group>"; };
		98CC91A71A20138000575E1C /* Stencil.framework */ = {isa = PBXFileReference; lastKnownFileType = wrapper.framework; name = Stencil.framework; path = "../../../Library/Developer/Xcode/DerivedData/StencilDemo-gtypknkchimumtgqgqpzkxrbdgnp/Build/Products/Debug/Stencil.framework"; sourceTree = "<group>"; };
		98CC91AB1A20155400575E1C /* template.stencil */ = {isa = PBXFileReference; fileEncoding = 4; lastKnownFileType = text; path = template.stencil; sourceTree = "<group>"; };
/* End PBXFileReference section */

/* Begin PBXFrameworksBuildPhase section */
		989DE25C1A1F353300AA8576 /* Frameworks */ = {
			isa = PBXFrameworksBuildPhase;
			buildActionMask = 2147483647;
			files = (
				98CC91A81A20138000575E1C /* Stencil.framework in Frameworks */,
			);
			runOnlyForDeploymentPostprocessing = 0;
		};
		989DE2711A1F353300AA8576 /* Frameworks */ = {
			isa = PBXFrameworksBuildPhase;
			buildActionMask = 2147483647;
			files = (
			);
			runOnlyForDeploymentPostprocessing = 0;
		};
/* End PBXFrameworksBuildPhase section */

/* Begin PBXGroup section */
		989DE2561A1F353300AA8576 = {
			isa = PBXGroup;
			children = (
				989DE2611A1F353300AA8576 /* StencilDemo */,
				98CC91AA1A20153C00575E1C /* SourceFiles */,
				98CC91A91A20152200575E1C /* Frameworks */,
				989DE2771A1F353300AA8576 /* StencilDemoTests */,
				989DE2601A1F353300AA8576 /* Products */,
			);
			sourceTree = "<group>";
		};
		989DE2601A1F353300AA8576 /* Products */ = {
			isa = PBXGroup;
			children = (
				989DE25F1A1F353300AA8576 /* StencilDemo.app */,
				989DE2741A1F353300AA8576 /* StencilDemoTests.xctest */,
			);
			name = Products;
			sourceTree = "<group>";
		};
		989DE2611A1F353300AA8576 /* StencilDemo */ = {
			isa = PBXGroup;
			children = (
				989DE2641A1F353300AA8576 /* AppDelegate.swift */,
				989DE2661A1F353300AA8576 /* ViewController.swift */,
				989DE2681A1F353300AA8576 /* Main.storyboard */,
				989DE26B1A1F353300AA8576 /* Images.xcassets */,
				989DE26D1A1F353300AA8576 /* LaunchScreen.xib */,
				989DE2621A1F353300AA8576 /* Supporting Files */,
			);
			path = StencilDemo;
			sourceTree = "<group>";
		};
		989DE2621A1F353300AA8576 /* Supporting Files */ = {
			isa = PBXGroup;
			children = (
				989DE2631A1F353300AA8576 /* Info.plist */,
			);
			name = "Supporting Files";
			sourceTree = "<group>";
		};
		989DE2771A1F353300AA8576 /* StencilDemoTests */ = {
			isa = PBXGroup;
			children = (
				989DE27A1A1F353300AA8576 /* StencilDemoTests.swift */,
				989DE2781A1F353300AA8576 /* Supporting Files */,
			);
			path = StencilDemoTests;
			sourceTree = "<group>";
		};
		989DE2781A1F353300AA8576 /* Supporting Files */ = {
			isa = PBXGroup;
			children = (
				989DE2791A1F353300AA8576 /* Info.plist */,
			);
			name = "Supporting Files";
			sourceTree = "<group>";
		};
		98CC91A91A20152200575E1C /* Frameworks */ = {
			isa = PBXGroup;
			children = (
				98CC91A71A20138000575E1C /* Stencil.framework */,
			);
			name = Frameworks;
			sourceTree = "<group>";
		};
		98CC91AA1A20153C00575E1C /* SourceFiles */ = {
			isa = PBXGroup;
			children = (
				98CC91AB1A20155400575E1C /* template.stencil */,
			);
			name = SourceFiles;
			sourceTree = "<group>";
		};
/* End PBXGroup section */

/* Begin PBXNativeTarget section */
		989DE25E1A1F353300AA8576 /* StencilDemo */ = {
			isa = PBXNativeTarget;
			buildConfigurationList = 989DE27E1A1F353300AA8576 /* Build configuration list for PBXNativeTarget "StencilDemo" */;
			buildPhases = (
				989DE25B1A1F353300AA8576 /* Sources */,
				989DE25C1A1F353300AA8576 /* Frameworks */,
				989DE25D1A1F353300AA8576 /* Resources */,
			);
			buildRules = (
			);
			dependencies = (
			);
			name = StencilDemo;
			productName = StencilDemo;
			productReference = 989DE25F1A1F353300AA8576 /* StencilDemo.app */;
			productType = "com.apple.product-type.application";
		};
		989DE2731A1F353300AA8576 /* StencilDemoTests */ = {
			isa = PBXNativeTarget;
			buildConfigurationList = 989DE2811A1F353300AA8576 /* Build configuration list for PBXNativeTarget "StencilDemoTests" */;
			buildPhases = (
				989DE2701A1F353300AA8576 /* Sources */,
				989DE2711A1F353300AA8576 /* Frameworks */,
				989DE2721A1F353300AA8576 /* Resources */,
			);
			buildRules = (
			);
			dependencies = (
				989DE2761A1F353300AA8576 /* PBXTargetDependency */,
			);
			name = StencilDemoTests;
			productName = StencilDemoTests;
			productReference = 989DE2741A1F353300AA8576 /* StencilDemoTests.xctest */;
			productType = "com.apple.product-type.bundle.unit-test";
		};
/* End PBXNativeTarget section */

/* Begin PBXProject section */
		989DE2571A1F353300AA8576 /* Project object */ = {
			isa = PBXProject;
			attributes = {
				LastUpgradeCheck = 0610;
				ORGANIZATIONNAME = "WeiShuai Han";
				TargetAttributes = {
					989DE25E1A1F353300AA8576 = {
						CreatedOnToolsVersion = 6.1;
					};
					989DE2731A1F353300AA8576 = {
						CreatedOnToolsVersion = 6.1;
						TestTargetID = 989DE25E1A1F353300AA8576;
					};
				};
			};
			buildConfigurationList = 989DE25A1A1F353300AA8576 /* Build configuration list for PBXProject "StencilDemo" */;
			compatibilityVersion = "Xcode 3.2";
			developmentRegion = English;
			hasScannedForEncodings = 0;
			knownRegions = (
				en,
				Base,
			);
			mainGroup = 989DE2561A1F353300AA8576;
			productRefGroup = 989DE2601A1F353300AA8576 /* Products */;
			projectDirPath = "";
			projectRoot = "";
			targets = (
				989DE25E1A1F353300AA8576 /* StencilDemo */,
				989DE2731A1F353300AA8576 /* StencilDemoTests */,
			);
		};
/* End PBXProject section */

/* Begin PBXResourcesBuildPhase section */
		989DE25D1A1F353300AA8576 /* Resources */ = {
			isa = PBXResourcesBuildPhase;
			buildActionMask = 2147483647;
			files = (
				98CC91AC1A20155400575E1C /* template.stencil in Resources */,
				989DE26A1A1F353300AA8576 /* Main.storyboard in Resources */,
				989DE26F1A1F353300AA8576 /* LaunchScreen.xib in Resources */,
				989DE26C1A1F353300AA8576 /* Images.xcassets in Resources */,
			);
			runOnlyForDeploymentPostprocessing = 0;
		};
		989DE2721A1F353300AA8576 /* Resources */ = {
			isa = PBXResourcesBuildPhase;
			buildActionMask = 2147483647;
			files = (
			);
			runOnlyForDeploymentPostprocessing = 0;
		};
/* End PBXResourcesBuildPhase section */

/* Begin PBXSourcesBuildPhase section */
		989DE25B1A1F353300AA8576 /* Sources */ = {
			isa = PBXSourcesBuildPhase;
			buildActionMask = 2147483647;
			files = (
				989DE2671A1F353300AA8576 /* ViewController.swift in Sources */,
				989DE2651A1F353300AA8576 /* AppDelegate.swift in Sources */,
			);
			runOnlyForDeploymentPostprocessing = 0;
		};
		989DE2701A1F353300AA8576 /* Sources */ = {
			isa = PBXSourcesBuildPhase;
			buildActionMask = 2147483647;
			files = (
				989DE27B1A1F353300AA8576 /* StencilDemoTests.swift in Sources */,
			);
			runOnlyForDeploymentPostprocessing = 0;
		};
/* End PBXSourcesBuildPhase section */

/* Begin PBXTargetDependency section */
		989DE2761A1F353300AA8576 /* PBXTargetDependency */ = {
			isa = PBXTargetDependency;
			target = 989DE25E1A1F353300AA8576 /* StencilDemo */;
			targetProxy = 989DE2751A1F353300AA8576 /* PBXContainerItemProxy */;
		};
/* End PBXTargetDependency section */

/* Begin PBXVariantGroup section */
		989DE2681A1F353300AA8576 /* Main.storyboard */ = {
			isa = PBXVariantGroup;
			children = (
				989DE2691A1F353300AA8576 /* Base */,
			);
			name = Main.storyboard;
			sourceTree = "<group>";
		};
		989DE26D1A1F353300AA8576 /* LaunchScreen.xib */ = {
			isa = PBXVariantGroup;
			children = (
				989DE26E1A1F353300AA8576 /* Base */,
			);
			name = LaunchScreen.xib;
			sourceTree = "<group>";
		};
/* End PBXVariantGroup section */

/* Begin XCBuildConfiguration section */
		989DE27C1A1F353300AA8576 /* Debug */ = {
			isa = XCBuildConfiguration;
			buildSettings = {
				ALWAYS_SEARCH_USER_PATHS = NO;
				CLANG_CXX_LANGUAGE_STANDARD = "gnu++0x";
				CLANG_CXX_LIBRARY = "libc++";
				CLANG_ENABLE_MODULES = YES;
				CLANG_ENABLE_OBJC_ARC = YES;
				CLANG_WARN_BOOL_CONVERSION = YES;
				CLANG_WARN_CONSTANT_CONVERSION = YES;
				CLANG_WARN_DIRECT_OBJC_ISA_USAGE = YES_ERROR;
				CLANG_WARN_EMPTY_BODY = YES;
				CLANG_WARN_ENUM_CONVERSION = YES;
				CLANG_WARN_INT_CONVERSION = YES;
				CLANG_WARN_OBJC_ROOT_CLASS = YES_ERROR;
				CLANG_WARN_UNREACHABLE_CODE = YES;
				CLANG_WARN__DUPLICATE_METHOD_MATCH = YES;
				"CODE_SIGN_IDENTITY[sdk=iphoneos*]" = "iPhone Developer";
				COPY_PHASE_STRIP = NO;
				ENABLE_STRICT_OBJC_MSGSEND = YES;
				GCC_C_LANGUAGE_STANDARD = gnu99;
				GCC_DYNAMIC_NO_PIC = NO;
				GCC_OPTIMIZATION_LEVEL = 0;
				GCC_PREPROCESSOR_DEFINITIONS = (
					"DEBUG=1",
					"$(inherited)",
				);
				GCC_SYMBOLS_PRIVATE_EXTERN = NO;
				GCC_WARN_64_TO_32_BIT_CONVERSION = YES;
				GCC_WARN_ABOUT_RETURN_TYPE = YES_ERROR;
				GCC_WARN_UNDECLARED_SELECTOR = YES;
				GCC_WARN_UNINITIALIZED_AUTOS = YES_AGGRESSIVE;
				GCC_WARN_UNUSED_FUNCTION = YES;
				GCC_WARN_UNUSED_VARIABLE = YES;
				IPHONEOS_DEPLOYMENT_TARGET = 8.1;
				MTL_ENABLE_DEBUG_INFO = YES;
				ONLY_ACTIVE_ARCH = YES;
				SDKROOT = iphoneos;
				SWIFT_OPTIMIZATION_LEVEL = "-Onone";
			};
			name = Debug;
		};
		989DE27D1A1F353300AA8576 /* Release */ = {
			isa = XCBuildConfiguration;
			buildSettings = {
				ALWAYS_SEARCH_USER_PATHS = NO;
				CLANG_CXX_LANGUAGE_STANDARD = "gnu++0x";
				CLANG_CXX_LIBRARY = "libc++";
				CLANG_ENABLE_MODULES = YES;
				CLANG_ENABLE_OBJC_ARC = YES;
				CLANG_WARN_BOOL_CONVERSION = YES;
				CLANG_WARN_CONSTANT_CONVERSION = YES;
				CLANG_WARN_DIRECT_OBJC_ISA_USAGE = YES_ERROR;
				CLANG_WARN_EMPTY_BODY = YES;
				CLANG_WARN_ENUM_CONVERSION = YES;
				CLANG_WARN_INT_CONVERSION = YES;
				CLANG_WARN_OBJC_ROOT_CLASS = YES_ERROR;
				CLANG_WARN_UNREACHABLE_CODE = YES;
				CLANG_WARN__DUPLICATE_METHOD_MATCH = YES;
				"CODE_SIGN_IDENTITY[sdk=iphoneos*]" = "iPhone Developer";
				COPY_PHASE_STRIP = YES;
				ENABLE_NS_ASSERTIONS = NO;
				ENABLE_STRICT_OBJC_MSGSEND = YES;
				GCC_C_LANGUAGE_STANDARD = gnu99;
				GCC_WARN_64_TO_32_BIT_CONVERSION = YES;
				GCC_WARN_ABOUT_RETURN_TYPE = YES_ERROR;
				GCC_WARN_UNDECLARED_SELECTOR = YES;
				GCC_WARN_UNINITIALIZED_AUTOS = YES_AGGRESSIVE;
				GCC_WARN_UNUSED_FUNCTION = YES;
				GCC_WARN_UNUSED_VARIABLE = YES;
				IPHONEOS_DEPLOYMENT_TARGET = 8.1;
				MTL_ENABLE_DEBUG_INFO = NO;
				SDKROOT = iphoneos;
				VALIDATE_PRODUCT = YES;
			};
			name = Release;
		};
		989DE27F1A1F353300AA8576 /* Debug */ = {
			isa = XCBuildConfiguration;
			buildSettings = {
				ASSETCATALOG_COMPILER_APPICON_NAME = AppIcon;
				FRAMEWORK_SEARCH_PATHS = (
					"$(inherited)",
					"$(USER_LIBRARY_DIR)/Developer/Xcode/DerivedData/StencilDemo-gtypknkchimumtgqgqpzkxrbdgnp/Build/Products/Debug",
				);
				INFOPLIST_FILE = StencilDemo/Info.plist;
				LD_RUNPATH_SEARCH_PATHS = "$(inherited) @executable_path/Frameworks";
				PRODUCT_NAME = "$(TARGET_NAME)";
			};
			name = Debug;
		};
		989DE2801A1F353300AA8576 /* Release */ = {
			isa = XCBuildConfiguration;
			buildSettings = {
				ASSETCATALOG_COMPILER_APPICON_NAME = AppIcon;
				FRAMEWORK_SEARCH_PATHS = (
					"$(inherited)",
					"$(USER_LIBRARY_DIR)/Developer/Xcode/DerivedData/StencilDemo-gtypknkchimumtgqgqpzkxrbdgnp/Build/Products/Debug",
				);
				INFOPLIST_FILE = StencilDemo/Info.plist;
				LD_RUNPATH_SEARCH_PATHS = "$(inherited) @executable_path/Frameworks";
				PRODUCT_NAME = "$(TARGET_NAME)";
			};
			name = Release;
		};
		989DE2821A1F353300AA8576 /* Debug */ = {
			isa = XCBuildConfiguration;
			buildSettings = {
				BUNDLE_LOADER = "$(TEST_HOST)";
				FRAMEWORK_SEARCH_PATHS = (
					"$(SDKROOT)/Developer/Library/Frameworks",
					"$(inherited)",
				);
				GCC_PREPROCESSOR_DEFINITIONS = (
					"DEBUG=1",
					"$(inherited)",
				);
				INFOPLIST_FILE = StencilDemoTests/Info.plist;
				LD_RUNPATH_SEARCH_PATHS = "$(inherited) @executable_path/Frameworks @loader_path/Frameworks";
				PRODUCT_NAME = "$(TARGET_NAME)";
				TEST_HOST = "$(BUILT_PRODUCTS_DIR)/StencilDemo.app/StencilDemo";
			};
			name = Debug;
		};
		989DE2831A1F353300AA8576 /* Release */ = {
			isa = XCBuildConfiguration;
			buildSettings = {
				BUNDLE_LOADER = "$(TEST_HOST)";
				FRAMEWORK_SEARCH_PATHS = (
					"$(SDKROOT)/Developer/Library/Frameworks",
					"$(inherited)",
				);
				INFOPLIST_FILE = StencilDemoTests/Info.plist;
				LD_RUNPATH_SEARCH_PATHS = "$(inherited) @executable_path/Frameworks @loader_path/Frameworks";
				PRODUCT_NAME = "$(TARGET_NAME)";
				TEST_HOST = "$(BUILT_PRODUCTS_DIR)/StencilDemo.app/StencilDemo";
			};
			name = Release;
		};
/* End XCBuildConfiguration section */

/* Begin XCConfigurationList section */
		989DE25A1A1F353300AA8576 /* Build configuration list for PBXProject "StencilDemo" */ = {
			isa = XCConfigurationList;
			buildConfigurations = (
				989DE27C1A1F353300AA8576 /* Debug */,
				989DE27D1A1F353300AA8576 /* Release */,
			);
			defaultConfigurationIsVisible = 0;
			defaultConfigurationName = Release;
		};
		989DE27E1A1F353300AA8576 /* Build configuration list for PBXNativeTarget "StencilDemo" */ = {
			isa = XCConfigurationList;
			buildConfigurations = (
				989DE27F1A1F353300AA8576 /* Debug */,
				989DE2801A1F353300AA8576 /* Release */,
			);
			defaultConfigurationIsVisible = 0;
			defaultConfigurationName = Release;
		};
		989DE2811A1F353300AA8576 /* Build configuration list for PBXNativeTarget "StencilDemoTests" */ = {
			isa = XCConfigurationList;
			buildConfigurations = (
				989DE2821A1F353300AA8576 /* Debug */,
				989DE2831A1F353300AA8576 /* Release */,
			);
			defaultConfigurationIsVisible = 0;
			defaultConfigurationName = Release;
		};
/* End XCConfigurationList section */
	};
	rootObject = 989DE2571A1F353300AA8576 /* Project object */;
}
